
Microsoft Visual Studio Solution File, Format Version 12.00
# Visual Studio Version 16
VisualStudioVersion = 16.0.28803.352
MinimumVisualStudioVersion = 10.0.40219.1
Project("{9A19103F-16F7-4668-BE54-9A1E7A4F7556}") = "TheDialgaTeam.Worktips.Discord.Bot", "src\TheDialgaTeam.Worktips.Discord.Bot.csproj", "{C78A97C0-2B9E-413E-809B-17925CFE3FDD}"
EndProject
Project("{9A19103F-16F7-4668-BE54-9A1E7A4F7556}") = "TheDialgaTeam.Cryptonote.Rpc", "TheDialgaTeam.Cryptonote.Rpc\src\TheDialgaTeam.Cryptonote.Rpc.csproj", "{97B918DA-4EEF-46CF-A0FE-39CE7378DCD0}"
EndProject
Project("{9A19103F-16F7-4668-BE54-9A1E7A4F7556}") = "TheDialgaTeam.Microsoft.Extensions.DependencyInjection", "TheDialgaTeam.Microsoft.Extensions.DependencyInjection\src\TheDialgaTeam.Microsoft.Extensions.DependencyInjection.csproj", "{731C357A-8CF2-4087-BC92-C76E6CA0CDD9}"
EndProject
Global
	GlobalSection(SolutionConfigurationPlatforms) = preSolution
		Debug|Any CPU = Debug|Any CPU
		Release|Any CPU = Release|Any CPU
	EndGlobalSection
	GlobalSection(ProjectConfigurationPlatforms) = postSolution
		{C78A97C0-2B9E-413E-809B-17925CFE3FDD}.Debug|Any CPU.ActiveCfg = Debug|Any CPU
		{C78A97C0-2B9E-413E-809B-17925CFE3FDD}.Debug|Any CPU.Build.0 = Debug|Any CPU
		{C78A97C0-2B9E-413E-809B-17925CFE3FDD}.Release|Any CPU.ActiveCfg = Release|Any CPU
		{C78A97C0-2B9E-413E-809B-17925CFE3FDD}.Release|Any CPU.Build.0 = Release|Any CPU
		{97B918DA-4EEF-46CF-A0FE-39CE7378DCD0}.Debug|Any CPU.ActiveCfg = Debug|Any CPU
		{97B918DA-4EEF-46CF-A0FE-39CE7378DCD0}.Debug|Any CPU.Build.0 = Debug|Any CPU
		{97B918DA-4EEF-46CF-A0FE-39CE7378DCD0}.Release|Any CPU.ActiveCfg = Release|Any CPU
		{97B918DA-4EEF-46CF-A0FE-39CE7378DCD0}.Release|Any CPU.Build.0 = Release|Any CPU
		{731C357A-8CF2-4087-BC92-C76E6CA0CDD9}.Debug|Any CPU.ActiveCfg = Debug|Any CPU
		{731C357A-8CF2-4087-BC92-C76E6CA0CDD9}.Debug|Any CPU.Build.0 = Debug|Any CPU
		{731C357A-8CF2-4087-BC92-C76E6CA0CDD9}.Release|Any CPU.ActiveCfg = Release|Any CPU
		{731C357A-8CF2-4087-BC92-C76E6CA0CDD9}.Release|Any CPU.Build.0 = Release|Any CPU
	EndGlobalSection
	GlobalSection(SolutionProperties) = preSolution
		HideSolutionNode = FALSE
	EndGlobalSection
	GlobalSection(ExtensibilityGlobals) = postSolution
		SolutionGuid = {C8C9CE0E-B419-46A2-BE9E-2970EFCBBF7F}
	EndGlobalSection
EndGlobal
